
Microsoft Visual Studio Solution File, Format Version 12.00
# Visual Studio Version 16
VisualStudioVersion = 16.0.30907.101
MinimumVisualStudioVersion = 10.0.40219.1
Project("{FAE04EC0-301F-11D3-BF4B-00C04F79EFBC}") = "appventas", "appventas\appventas.csproj", "{BC5D0A02-E9A3-45D3-9630-0C72DEC1ED4A}"
EndProject
Global
	GlobalSection(SolutionConfigurationPlatforms) = preSolution
		Debug|Any CPU = Debug|Any CPU
		Release|Any CPU = Release|Any CPU
	EndGlobalSection
	GlobalSection(ProjectConfigurationPlatforms) = postSolution
		{BC5D0A02-E9A3-45D3-9630-0C72DEC1ED4A}.Debug|Any CPU.ActiveCfg = Debug|Any CPU
		{BC5D0A02-E9A3-45D3-9630-0C72DEC1ED4A}.Debug|Any CPU.Build.0 = Debug|Any CPU
		{BC5D0A02-E9A3-45D3-9630-0C72DEC1ED4A}.Release|Any CPU.ActiveCfg = Release|Any CPU
		{BC5D0A02-E9A3-45D3-9630-0C72DEC1ED4A}.Release|Any CPU.Build.0 = Release|Any CPU
	EndGlobalSection
	GlobalSection(SolutionProperties) = preSolution
		HideSolutionNode = FALSE
	EndGlobalSection
	GlobalSection(ExtensibilityGlobals) = postSolution
		SolutionGuid = {057884E1-3645-4D43-AF2E-2D225D010066}
	EndGlobalSection
EndGlobal
